
Microsoft Visual Studio Solution File, Format Version 12.00
# Visual Studio Version 17
VisualStudioVersion = 17.11.35327.3
MinimumVisualStudioVersion = 10.0.40219.1
Project("{FAE04EC0-301F-11D3-BF4B-00C04F79EFBC}") = "Villavi.Shared", "Villavi.Shared\Villavi.Shared.csproj", "{D345B367-33A2-44AA-9F98-C4E1ED106B64}"
EndProject
Project("{FAE04EC0-301F-11D3-BF4B-00C04F79EFBC}") = "Villavi.Web", "Villavi.Web\Villavi.Web.csproj", "{66054B51-103F-416D-8900-8C84E6246AB6}"
EndProject
Project("{FAE04EC0-301F-11D3-BF4B-00C04F79EFBC}") = "Villavi.Api", "Villavi.Api\Villavi.Api.csproj", "{7E126873-2212-4AA6-8BD2-E3A8A4631ACA}"
EndProject
Global
	GlobalSection(SolutionConfigurationPlatforms) = preSolution
		Debug|Any CPU = Debug|Any CPU
		Release|Any CPU = Release|Any CPU
	EndGlobalSection
	GlobalSection(ProjectConfigurationPlatforms) = postSolution
		{D345B367-33A2-44AA-9F98-C4E1ED106B64}.Debug|Any CPU.ActiveCfg = Debug|Any CPU
		{D345B367-33A2-44AA-9F98-C4E1ED106B64}.Debug|Any CPU.Build.0 = Debug|Any CPU
		{D345B367-33A2-44AA-9F98-C4E1ED106B64}.Release|Any CPU.ActiveCfg = Release|Any CPU
		{D345B367-33A2-44AA-9F98-C4E1ED106B64}.Release|Any CPU.Build.0 = Release|Any CPU
		{66054B51-103F-416D-8900-8C84E6246AB6}.Debug|Any CPU.ActiveCfg = Debug|Any CPU
		{66054B51-103F-416D-8900-8C84E6246AB6}.Debug|Any CPU.Build.0 = Debug|Any CPU
		{66054B51-103F-416D-8900-8C84E6246AB6}.Release|Any CPU.ActiveCfg = Release|Any CPU
		{66054B51-103F-416D-8900-8C84E6246AB6}.Release|Any CPU.Build.0 = Release|Any CPU
		{7E126873-2212-4AA6-8BD2-E3A8A4631ACA}.Debug|Any CPU.ActiveCfg = Debug|Any CPU
		{7E126873-2212-4AA6-8BD2-E3A8A4631ACA}.Debug|Any CPU.Build.0 = Debug|Any CPU
		{7E126873-2212-4AA6-8BD2-E3A8A4631ACA}.Release|Any CPU.ActiveCfg = Release|Any CPU
		{7E126873-2212-4AA6-8BD2-E3A8A4631ACA}.Release|Any CPU.Build.0 = Release|Any CPU
	EndGlobalSection
	GlobalSection(SolutionProperties) = preSolution
		HideSolutionNode = FALSE
	EndGlobalSection
	GlobalSection(ExtensibilityGlobals) = postSolution
		SolutionGuid = {957FCDE5-8B2F-4F47-930B-D451BF27E4A5}
	EndGlobalSection
EndGlobal
